// !$*UTF8*$!
{
	archiveVersion = 1;
	classes = {
	};
	objectVersion = 52;
	objects = {

/* Begin PBXBuildFile section */
		1A97B267253FD0940090EAF9 /* AppDelegate.swift in Sources */ = {isa = PBXBuildFile; fileRef = 1A97B266253FD0940090EAF9 /* AppDelegate.swift */; };
		1A97B269253FD0940090EAF9 /* SceneDelegate.swift in Sources */ = {isa = PBXBuildFile; fileRef = 1A97B268253FD0940090EAF9 /* SceneDelegate.swift */; };
		1A97B26B253FD0940090EAF9 /* ViewController.swift in Sources */ = {isa = PBXBuildFile; fileRef = 1A97B26A253FD0940090EAF9 /* ViewController.swift */; };
		1A97B26E253FD0940090EAF9 /* Main.storyboard in Resources */ = {isa = PBXBuildFile; fileRef = 1A97B26C253FD0940090EAF9 /* Main.storyboard */; };
		1A97B270253FD0960090EAF9 /* Assets.xcassets in Resources */ = {isa = PBXBuildFile; fileRef = 1A97B26F253FD0960090EAF9 /* Assets.xcassets */; };
		1A97B273253FD0960090EAF9 /* LaunchScreen.storyboard in Resources */ = {isa = PBXBuildFile; fileRef = 1A97B271253FD0960090EAF9 /* LaunchScreen.storyboard */; };
		1A97B27E253FD0960090EAF9 /* testAppCenterTests.swift in Sources */ = {isa = PBXBuildFile; fileRef = 1A97B27D253FD0960090EAF9 /* testAppCenterTests.swift */; };
		1A97B289253FD0960090EAF9 /* testAppCenterUITests.swift in Sources */ = {isa = PBXBuildFile; fileRef = 1A97B288253FD0960090EAF9 /* testAppCenterUITests.swift */; };
		1AAE8DC3253FE0A8005F9212 /* AppCenterCrashes in Frameworks */ = {isa = PBXBuildFile; productRef = 1AAE8DC2253FE0A8005F9212 /* AppCenterCrashes */; };
		1AAE8DC5253FE0A8005F9212 /* AppCenterAnalytics in Frameworks */ = {isa = PBXBuildFile; productRef = 1AAE8DC4253FE0A8005F9212 /* AppCenterAnalytics */; };
		ABA3691020720DB641C0753B /* Pods_testAppCenterTests.framework in Frameworks */ = {isa = PBXBuildFile; fileRef = B798F8ACE8045EB81E9AF5F7 /* Pods_testAppCenterTests.framework */; };
		B58E87BF3613D16E51B45876 /* Pods_testAppCenter.framework in Frameworks */ = {isa = PBXBuildFile; fileRef = F2A8801570489555D3D17A37 /* Pods_testAppCenter.framework */; };
		D3D9111B5D39A388D3F08A1F /* Pods_testAppCenterUITests.framework in Frameworks */ = {isa = PBXBuildFile; fileRef = 9E2AF0C9F788B57827C4EBEF /* Pods_testAppCenterUITests.framework */; };
/* End PBXBuildFile section */

/* Begin PBXContainerItemProxy section */
		1A97B27A253FD0960090EAF9 /* PBXContainerItemProxy */ = {
			isa = PBXContainerItemProxy;
			containerPortal = 1A97B25B253FD0940090EAF9 /* Project object */;
			proxyType = 1;
			remoteGlobalIDString = 1A97B262253FD0940090EAF9;
			remoteInfo = testAppCenter;
		};
		1A97B285253FD0960090EAF9 /* PBXContainerItemProxy */ = {
			isa = PBXContainerItemProxy;
			containerPortal = 1A97B25B253FD0940090EAF9 /* Project object */;
			proxyType = 1;
			remoteGlobalIDString = 1A97B262253FD0940090EAF9;
			remoteInfo = testAppCenter;
		};
/* End PBXContainerItemProxy section */

/* Begin PBXFileReference section */
		11CD002DB9611E25FEB87B7E /* Pods-testAppCenterUITests.debug.xcconfig */ = {isa = PBXFileReference; includeInIndex = 1; lastKnownFileType = text.xcconfig; name = "Pods-testAppCenterUITests.debug.xcconfig"; path = "Target Support Files/Pods-testAppCenterUITests/Pods-testAppCenterUITests.debug.xcconfig"; sourceTree = "<group>"; };
		1A97B263253FD0940090EAF9 /* testAppCenter.app */ = {isa = PBXFileReference; explicitFileType = wrapper.application; includeInIndex = 0; path = testAppCenter.app; sourceTree = BUILT_PRODUCTS_DIR; };
		1A97B266253FD0940090EAF9 /* AppDelegate.swift */ = {isa = PBXFileReference; lastKnownFileType = sourcecode.swift; path = AppDelegate.swift; sourceTree = "<group>"; };
		1A97B268253FD0940090EAF9 /* SceneDelegate.swift */ = {isa = PBXFileReference; lastKnownFileType = sourcecode.swift; path = SceneDelegate.swift; sourceTree = "<group>"; };
		1A97B26A253FD0940090EAF9 /* ViewController.swift */ = {isa = PBXFileReference; lastKnownFileType = sourcecode.swift; path = ViewController.swift; sourceTree = "<group>"; };
		1A97B26D253FD0940090EAF9 /* Base */ = {isa = PBXFileReference; lastKnownFileType = file.storyboard; name = Base; path = Base.lproj/Main.storyboard; sourceTree = "<group>"; };
		1A97B26F253FD0960090EAF9 /* Assets.xcassets */ = {isa = PBXFileReference; lastKnownFileType = folder.assetcatalog; path = Assets.xcassets; sourceTree = "<group>"; };
		1A97B272253FD0960090EAF9 /* Base */ = {isa = PBXFileReference; lastKnownFileType = file.storyboard; name = Base; path = Base.lproj/LaunchScreen.storyboard; sourceTree = "<group>"; };
		1A97B274253FD0960090EAF9 /* Info.plist */ = {isa = PBXFileReference; lastKnownFileType = text.plist.xml; path = Info.plist; sourceTree = "<group>"; };
		1A97B279253FD0960090EAF9 /* testAppCenterTests.xctest */ = {isa = PBXFileReference; explicitFileType = wrapper.cfbundle; includeInIndex = 0; path = testAppCenterTests.xctest; sourceTree = BUILT_PRODUCTS_DIR; };
		1A97B27D253FD0960090EAF9 /* testAppCenterTests.swift */ = {isa = PBXFileReference; lastKnownFileType = sourcecode.swift; path = testAppCenterTests.swift; sourceTree = "<group>"; };
		1A97B27F253FD0960090EAF9 /* Info.plist */ = {isa = PBXFileReference; lastKnownFileType = text.plist.xml; path = Info.plist; sourceTree = "<group>"; };
		1A97B284253FD0960090EAF9 /* testAppCenterUITests.xctest */ = {isa = PBXFileReference; explicitFileType = wrapper.cfbundle; includeInIndex = 0; path = testAppCenterUITests.xctest; sourceTree = BUILT_PRODUCTS_DIR; };
		1A97B288253FD0960090EAF9 /* testAppCenterUITests.swift */ = {isa = PBXFileReference; lastKnownFileType = sourcecode.swift; path = testAppCenterUITests.swift; sourceTree = "<group>"; };
		1A97B28A253FD0960090EAF9 /* Info.plist */ = {isa = PBXFileReference; lastKnownFileType = text.plist.xml; path = Info.plist; sourceTree = "<group>"; };
		1A97B299253FD0AD0090EAF9 /* testAppCenter.entitlements */ = {isa = PBXFileReference; lastKnownFileType = text.plist.entitlements; path = testAppCenter.entitlements; sourceTree = "<group>"; };
		1ADF4F099CD26C5F546FC159 /* Pods-testAppCenterTests.release.xcconfig */ = {isa = PBXFileReference; includeInIndex = 1; lastKnownFileType = text.xcconfig; name = "Pods-testAppCenterTests.release.xcconfig"; path = "Target Support Files/Pods-testAppCenterTests/Pods-testAppCenterTests.release.xcconfig"; sourceTree = "<group>"; };
		22D34824201189B2BA87350B /* Pods-testAppCenter.debug.xcconfig */ = {isa = PBXFileReference; includeInIndex = 1; lastKnownFileType = text.xcconfig; name = "Pods-testAppCenter.debug.xcconfig"; path = "Target Support Files/Pods-testAppCenter/Pods-testAppCenter.debug.xcconfig"; sourceTree = "<group>"; };
		4C1DABB9C0A2DAF6A0348C38 /* Pods-testAppCenterUITests.release.xcconfig */ = {isa = PBXFileReference; includeInIndex = 1; lastKnownFileType = text.xcconfig; name = "Pods-testAppCenterUITests.release.xcconfig"; path = "Target Support Files/Pods-testAppCenterUITests/Pods-testAppCenterUITests.release.xcconfig"; sourceTree = "<group>"; };
		93C4577EBDB79E0A75A911A4 /* Pods-testAppCenter.release.xcconfig */ = {isa = PBXFileReference; includeInIndex = 1; lastKnownFileType = text.xcconfig; name = "Pods-testAppCenter.release.xcconfig"; path = "Target Support Files/Pods-testAppCenter/Pods-testAppCenter.release.xcconfig"; sourceTree = "<group>"; };
		9E2AF0C9F788B57827C4EBEF /* Pods_testAppCenterUITests.framework */ = {isa = PBXFileReference; explicitFileType = wrapper.framework; includeInIndex = 0; path = Pods_testAppCenterUITests.framework; sourceTree = BUILT_PRODUCTS_DIR; };
		B798F8ACE8045EB81E9AF5F7 /* Pods_testAppCenterTests.framework */ = {isa = PBXFileReference; explicitFileType = wrapper.framework; includeInIndex = 0; path = Pods_testAppCenterTests.framework; sourceTree = BUILT_PRODUCTS_DIR; };
		F2A8801570489555D3D17A37 /* Pods_testAppCenter.framework */ = {isa = PBXFileReference; explicitFileType = wrapper.framework; includeInIndex = 0; path = Pods_testAppCenter.framework; sourceTree = BUILT_PRODUCTS_DIR; };
		F7E69621E383C9AE88E98166 /* Pods-testAppCenterTests.debug.xcconfig */ = {isa = PBXFileReference; includeInIndex = 1; lastKnownFileType = text.xcconfig; name = "Pods-testAppCenterTests.debug.xcconfig"; path = "Target Support Files/Pods-testAppCenterTests/Pods-testAppCenterTests.debug.xcconfig"; sourceTree = "<group>"; };
/* End PBXFileReference section */

/* Begin PBXFrameworksBuildPhase section */
		1A97B260253FD0940090EAF9 /* Frameworks */ = {
			isa = PBXFrameworksBuildPhase;
			buildActionMask = 2147483647;
			files = (
				B58E87BF3613D16E51B45876 /* Pods_testAppCenter.framework in Frameworks */,
				1AAE8DC3253FE0A8005F9212 /* AppCenterCrashes in Frameworks */,
				1AAE8DC5253FE0A8005F9212 /* AppCenterAnalytics in Frameworks */,
			);
			runOnlyForDeploymentPostprocessing = 0;
		};
		1A97B276253FD0960090EAF9 /* Frameworks */ = {
			isa = PBXFrameworksBuildPhase;
			buildActionMask = 2147483647;
			files = (
				ABA3691020720DB641C0753B /* Pods_testAppCenterTests.framework in Frameworks */,
			);
			runOnlyForDeploymentPostprocessing = 0;
		};
		1A97B281253FD0960090EAF9 /* Frameworks */ = {
			isa = PBXFrameworksBuildPhase;
			buildActionMask = 2147483647;
			files = (
				D3D9111B5D39A388D3F08A1F /* Pods_testAppCenterUITests.framework in Frameworks */,
			);
			runOnlyForDeploymentPostprocessing = 0;
		};
/* End PBXFrameworksBuildPhase section */

/* Begin PBXGroup section */
		1A97B25A253FD0940090EAF9 = {
			isa = PBXGroup;
			children = (
				1A97B265253FD0940090EAF9 /* testAppCenter */,
				1A97B27C253FD0960090EAF9 /* testAppCenterTests */,
				1A97B287253FD0960090EAF9 /* testAppCenterUITests */,
				1A97B264253FD0940090EAF9 /* Products */,
				3383A4EA812D7A7CFEEE6D36 /* Pods */,
				CC787A5C1BD70D595F964CC7 /* Frameworks */,
			);
			sourceTree = "<group>";
		};
		1A97B264253FD0940090EAF9 /* Products */ = {
			isa = PBXGroup;
			children = (
				1A97B263253FD0940090EAF9 /* testAppCenter.app */,
				1A97B279253FD0960090EAF9 /* testAppCenterTests.xctest */,
				1A97B284253FD0960090EAF9 /* testAppCenterUITests.xctest */,
			);
			name = Products;
			sourceTree = "<group>";
		};
		1A97B265253FD0940090EAF9 /* testAppCenter */ = {
			isa = PBXGroup;
			children = (
				1A97B299253FD0AD0090EAF9 /* testAppCenter.entitlements */,
				1A97B266253FD0940090EAF9 /* AppDelegate.swift */,
				1A97B268253FD0940090EAF9 /* SceneDelegate.swift */,
				1A97B26A253FD0940090EAF9 /* ViewController.swift */,
				1A97B26C253FD0940090EAF9 /* Main.storyboard */,
				1A97B26F253FD0960090EAF9 /* Assets.xcassets */,
				1A97B271253FD0960090EAF9 /* LaunchScreen.storyboard */,
				1A97B274253FD0960090EAF9 /* Info.plist */,
			);
			path = testAppCenter;
			sourceTree = "<group>";
		};
		1A97B27C253FD0960090EAF9 /* testAppCenterTests */ = {
			isa = PBXGroup;
			children = (
				1A97B27D253FD0960090EAF9 /* testAppCenterTests.swift */,
				1A97B27F253FD0960090EAF9 /* Info.plist */,
			);
			path = testAppCenterTests;
			sourceTree = "<group>";
		};
		1A97B287253FD0960090EAF9 /* testAppCenterUITests */ = {
			isa = PBXGroup;
			children = (
				1A97B288253FD0960090EAF9 /* testAppCenterUITests.swift */,
				1A97B28A253FD0960090EAF9 /* Info.plist */,
			);
			path = testAppCenterUITests;
			sourceTree = "<group>";
		};
		3383A4EA812D7A7CFEEE6D36 /* Pods */ = {
			isa = PBXGroup;
			children = (
				22D34824201189B2BA87350B /* Pods-testAppCenter.debug.xcconfig */,
				93C4577EBDB79E0A75A911A4 /* Pods-testAppCenter.release.xcconfig */,
				F7E69621E383C9AE88E98166 /* Pods-testAppCenterTests.debug.xcconfig */,
				1ADF4F099CD26C5F546FC159 /* Pods-testAppCenterTests.release.xcconfig */,
				11CD002DB9611E25FEB87B7E /* Pods-testAppCenterUITests.debug.xcconfig */,
				4C1DABB9C0A2DAF6A0348C38 /* Pods-testAppCenterUITests.release.xcconfig */,
			);
			path = Pods;
			sourceTree = "<group>";
		};
		CC787A5C1BD70D595F964CC7 /* Frameworks */ = {
			isa = PBXGroup;
			children = (
				F2A8801570489555D3D17A37 /* Pods_testAppCenter.framework */,
				B798F8ACE8045EB81E9AF5F7 /* Pods_testAppCenterTests.framework */,
				9E2AF0C9F788B57827C4EBEF /* Pods_testAppCenterUITests.framework */,
			);
			name = Frameworks;
			sourceTree = "<group>";
		};
/* End PBXGroup section */

/* Begin PBXNativeTarget section */
		1A97B262253FD0940090EAF9 /* testAppCenter */ = {
			isa = PBXNativeTarget;
			buildConfigurationList = 1A97B28D253FD0960090EAF9 /* Build configuration list for PBXNativeTarget "testAppCenter" */;
			buildPhases = (
				18AF763EC52755E548D7BADD /* [CP] Check Pods Manifest.lock */,
				1A97B25F253FD0940090EAF9 /* Sources */,
				1A97B260253FD0940090EAF9 /* Frameworks */,
				1A97B261253FD0940090EAF9 /* Resources */,
			);
			buildRules = (
			);
			dependencies = (
			);
			name = testAppCenter;
			packageProductDependencies = (
				1AAE8DC2253FE0A8005F9212 /* AppCenterCrashes */,
				1AAE8DC4253FE0A8005F9212 /* AppCenterAnalytics */,
			);
			productName = testAppCenter;
			productReference = 1A97B263253FD0940090EAF9 /* testAppCenter.app */;
			productType = "com.apple.product-type.application";
		};
		1A97B278253FD0960090EAF9 /* testAppCenterTests */ = {
			isa = PBXNativeTarget;
			buildConfigurationList = 1A97B290253FD0960090EAF9 /* Build configuration list for PBXNativeTarget "testAppCenterTests" */;
			buildPhases = (
				9C56AE7C04DCF71530401DBB /* [CP] Check Pods Manifest.lock */,
				1A97B275253FD0960090EAF9 /* Sources */,
				1A97B276253FD0960090EAF9 /* Frameworks */,
				1A97B277253FD0960090EAF9 /* Resources */,
			);
			buildRules = (
			);
			dependencies = (
				1A97B27B253FD0960090EAF9 /* PBXTargetDependency */,
			);
			name = testAppCenterTests;
			productName = testAppCenterTests;
			productReference = 1A97B279253FD0960090EAF9 /* testAppCenterTests.xctest */;
			productType = "com.apple.product-type.bundle.unit-test";
		};
		1A97B283253FD0960090EAF9 /* testAppCenterUITests */ = {
			isa = PBXNativeTarget;
			buildConfigurationList = 1A97B293253FD0960090EAF9 /* Build configuration list for PBXNativeTarget "testAppCenterUITests" */;
			buildPhases = (
				F4D6D258CF79A599B8720E14 /* [CP] Check Pods Manifest.lock */,
				1A97B280253FD0960090EAF9 /* Sources */,
				1A97B281253FD0960090EAF9 /* Frameworks */,
				1A97B282253FD0960090EAF9 /* Resources */,
			);
			buildRules = (
			);
			dependencies = (
				1A97B286253FD0960090EAF9 /* PBXTargetDependency */,
			);
			name = testAppCenterUITests;
			productName = testAppCenterUITests;
			productReference = 1A97B284253FD0960090EAF9 /* testAppCenterUITests.xctest */;
			productType = "com.apple.product-type.bundle.ui-testing";
		};
/* End PBXNativeTarget section */

/* Begin PBXProject section */
		1A97B25B253FD0940090EAF9 /* Project object */ = {
			isa = PBXProject;
			attributes = {
				LastSwiftUpdateCheck = 1200;
				LastUpgradeCheck = 1200;
				TargetAttributes = {
					1A97B262253FD0940090EAF9 = {
						CreatedOnToolsVersion = 12.0;
					};
					1A97B278253FD0960090EAF9 = {
						CreatedOnToolsVersion = 12.0;
						TestTargetID = 1A97B262253FD0940090EAF9;
					};
					1A97B283253FD0960090EAF9 = {
						CreatedOnToolsVersion = 12.0;
						TestTargetID = 1A97B262253FD0940090EAF9;
					};
				};
			};
			buildConfigurationList = 1A97B25E253FD0940090EAF9 /* Build configuration list for PBXProject "testAppCenter" */;
			compatibilityVersion = "Xcode 9.3";
			developmentRegion = en;
			hasScannedForEncodings = 0;
			knownRegions = (
				en,
				Base,
			);
			mainGroup = 1A97B25A253FD0940090EAF9;
			packageReferences = (
				1AAE8DC1253FE0A8005F9212 /* XCRemoteSwiftPackageReference "appcenter-sdk-apple" */,
			);
			productRefGroup = 1A97B264253FD0940090EAF9 /* Products */;
			projectDirPath = "";
			projectRoot = "";
			targets = (
				1A97B262253FD0940090EAF9 /* testAppCenter */,
				1A97B278253FD0960090EAF9 /* testAppCenterTests */,
				1A97B283253FD0960090EAF9 /* testAppCenterUITests */,
			);
		};
/* End PBXProject section */

/* Begin PBXResourcesBuildPhase section */
		1A97B261253FD0940090EAF9 /* Resources */ = {
			isa = PBXResourcesBuildPhase;
			buildActionMask = 2147483647;
			files = (
				1A97B273253FD0960090EAF9 /* LaunchScreen.storyboard in Resources */,
				1A97B270253FD0960090EAF9 /* Assets.xcassets in Resources */,
				1A97B26E253FD0940090EAF9 /* Main.storyboard in Resources */,
			);
			runOnlyForDeploymentPostprocessing = 0;
		};
		1A97B277253FD0960090EAF9 /* Resources */ = {
			isa = PBXResourcesBuildPhase;
			buildActionMask = 2147483647;
			files = (
			);
			runOnlyForDeploymentPostprocessing = 0;
		};
		1A97B282253FD0960090EAF9 /* Resources */ = {
			isa = PBXResourcesBuildPhase;
			buildActionMask = 2147483647;
			files = (
			);
			runOnlyForDeploymentPostprocessing = 0;
		};
/* End PBXResourcesBuildPhase section */

/* Begin PBXShellScriptBuildPhase section */
		18AF763EC52755E548D7BADD /* [CP] Check Pods Manifest.lock */ = {
			isa = PBXShellScriptBuildPhase;
			buildActionMask = 2147483647;
			files = (
			);
			inputFileListPaths = (
			);
			inputPaths = (
				"${PODS_PODFILE_DIR_PATH}/Podfile.lock",
				"${PODS_ROOT}/Manifest.lock",
			);
			name = "[CP] Check Pods Manifest.lock";
			outputFileListPaths = (
			);
			outputPaths = (
				"$(DERIVED_FILE_DIR)/Pods-testAppCenter-checkManifestLockResult.txt",
			);
			runOnlyForDeploymentPostprocessing = 0;
			shellPath = /bin/sh;
			shellScript = "diff \"${PODS_PODFILE_DIR_PATH}/Podfile.lock\" \"${PODS_ROOT}/Manifest.lock\" > /dev/null\nif [ $? != 0 ] ; then\n    # print error to STDERR\n    echo \"error: The sandbox is not in sync with the Podfile.lock. Run 'pod install' or update your CocoaPods installation.\" >&2\n    exit 1\nfi\n# This output is used by Xcode 'outputs' to avoid re-running this script phase.\necho \"SUCCESS\" > \"${SCRIPT_OUTPUT_FILE_0}\"\n";
			showEnvVarsInLog = 0;
		};
		9C56AE7C04DCF71530401DBB /* [CP] Check Pods Manifest.lock */ = {
			isa = PBXShellScriptBuildPhase;
			buildActionMask = 2147483647;
			files = (
			);
			inputFileListPaths = (
			);
			inputPaths = (
				"${PODS_PODFILE_DIR_PATH}/Podfile.lock",
				"${PODS_ROOT}/Manifest.lock",
			);
			name = "[CP] Check Pods Manifest.lock";
			outputFileListPaths = (
			);
			outputPaths = (
				"$(DERIVED_FILE_DIR)/Pods-testAppCenterTests-checkManifestLockResult.txt",
			);
			runOnlyForDeploymentPostprocessing = 0;
			shellPath = /bin/sh;
			shellScript = "diff \"${PODS_PODFILE_DIR_PATH}/Podfile.lock\" \"${PODS_ROOT}/Manifest.lock\" > /dev/null\nif [ $? != 0 ] ; then\n    # print error to STDERR\n    echo \"error: The sandbox is not in sync with the Podfile.lock. Run 'pod install' or update your CocoaPods installation.\" >&2\n    exit 1\nfi\n# This output is used by Xcode 'outputs' to avoid re-running this script phase.\necho \"SUCCESS\" > \"${SCRIPT_OUTPUT_FILE_0}\"\n";
			showEnvVarsInLog = 0;
		};
		F4D6D258CF79A599B8720E14 /* [CP] Check Pods Manifest.lock */ = {
			isa = PBXShellScriptBuildPhase;
			buildActionMask = 2147483647;
			files = (
			);
			inputFileListPaths = (
			);
			inputPaths = (
				"${PODS_PODFILE_DIR_PATH}/Podfile.lock",
				"${PODS_ROOT}/Manifest.lock",
			);
			name = "[CP] Check Pods Manifest.lock";
			outputFileListPaths = (
			);
			outputPaths = (
				"$(DERIVED_FILE_DIR)/Pods-testAppCenterUITests-checkManifestLockResult.txt",
			);
			runOnlyForDeploymentPostprocessing = 0;
			shellPath = /bin/sh;
			shellScript = "diff \"${PODS_PODFILE_DIR_PATH}/Podfile.lock\" \"${PODS_ROOT}/Manifest.lock\" > /dev/null\nif [ $? != 0 ] ; then\n    # print error to STDERR\n    echo \"error: The sandbox is not in sync with the Podfile.lock. Run 'pod install' or update your CocoaPods installation.\" >&2\n    exit 1\nfi\n# This output is used by Xcode 'outputs' to avoid re-running this script phase.\necho \"SUCCESS\" > \"${SCRIPT_OUTPUT_FILE_0}\"\n";
			showEnvVarsInLog = 0;
		};
/* End PBXShellScriptBuildPhase section */

/* Begin PBXSourcesBuildPhase section */
		1A97B25F253FD0940090EAF9 /* Sources */ = {
			isa = PBXSourcesBuildPhase;
			buildActionMask = 2147483647;
			files = (
				1A97B26B253FD0940090EAF9 /* ViewController.swift in Sources */,
				1A97B267253FD0940090EAF9 /* AppDelegate.swift in Sources */,
				1A97B269253FD0940090EAF9 /* SceneDelegate.swift in Sources */,
			);
			runOnlyForDeploymentPostprocessing = 0;
		};
		1A97B275253FD0960090EAF9 /* Sources */ = {
			isa = PBXSourcesBuildPhase;
			buildActionMask = 2147483647;
			files = (
				1A97B27E253FD0960090EAF9 /* testAppCenterTests.swift in Sources */,
			);
			runOnlyForDeploymentPostprocessing = 0;
		};
		1A97B280253FD0960090EAF9 /* Sources */ = {
			isa = PBXSourcesBuildPhase;
			buildActionMask = 2147483647;
			files = (
				1A97B289253FD0960090EAF9 /* testAppCenterUITests.swift in Sources */,
			);
			runOnlyForDeploymentPostprocessing = 0;
		};
/* End PBXSourcesBuildPhase section */

/* Begin PBXTargetDependency section */
		1A97B27B253FD0960090EAF9 /* PBXTargetDependency */ = {
			isa = PBXTargetDependency;
			target = 1A97B262253FD0940090EAF9 /* testAppCenter */;
			targetProxy = 1A97B27A253FD0960090EAF9 /* PBXContainerItemProxy */;
		};
		1A97B286253FD0960090EAF9 /* PBXTargetDependency */ = {
			isa = PBXTargetDependency;
			target = 1A97B262253FD0940090EAF9 /* testAppCenter */;
			targetProxy = 1A97B285253FD0960090EAF9 /* PBXContainerItemProxy */;
		};
/* End PBXTargetDependency section */

/* Begin PBXVariantGroup section */
		1A97B26C253FD0940090EAF9 /* Main.storyboard */ = {
			isa = PBXVariantGroup;
			children = (
				1A97B26D253FD0940090EAF9 /* Base */,
			);
			name = Main.storyboard;
			sourceTree = "<group>";
		};
		1A97B271253FD0960090EAF9 /* LaunchScreen.storyboard */ = {
			isa = PBXVariantGroup;
			children = (
				1A97B272253FD0960090EAF9 /* Base */,
			);
			name = LaunchScreen.storyboard;
			sourceTree = "<group>";
		};
/* End PBXVariantGroup section */

/* Begin XCBuildConfiguration section */
		1A97B28B253FD0960090EAF9 /* Debug */ = {
			isa = XCBuildConfiguration;
			buildSettings = {
				ALWAYS_SEARCH_USER_PATHS = NO;
				CLANG_ANALYZER_NONNULL = YES;
				CLANG_ANALYZER_NUMBER_OBJECT_CONVERSION = YES_AGGRESSIVE;
				CLANG_CXX_LANGUAGE_STANDARD = "gnu++14";
				CLANG_CXX_LIBRARY = "libc++";
				CLANG_ENABLE_MODULES = YES;
				CLANG_ENABLE_OBJC_ARC = YES;
				CLANG_ENABLE_OBJC_WEAK = YES;
				CLANG_WARN_BLOCK_CAPTURE_AUTORELEASING = YES;
				CLANG_WARN_BOOL_CONVERSION = YES;
				CLANG_WARN_COMMA = YES;
				CLANG_WARN_CONSTANT_CONVERSION = YES;
				CLANG_WARN_DEPRECATED_OBJC_IMPLEMENTATIONS = YES;
				CLANG_WARN_DIRECT_OBJC_ISA_USAGE = YES_ERROR;
				CLANG_WARN_DOCUMENTATION_COMMENTS = YES;
				CLANG_WARN_EMPTY_BODY = YES;
				CLANG_WARN_ENUM_CONVERSION = YES;
				CLANG_WARN_INFINITE_RECURSION = YES;
				CLANG_WARN_INT_CONVERSION = YES;
				CLANG_WARN_NON_LITERAL_NULL_CONVERSION = YES;
				CLANG_WARN_OBJC_IMPLICIT_RETAIN_SELF = YES;
				CLANG_WARN_OBJC_LITERAL_CONVERSION = YES;
				CLANG_WARN_OBJC_ROOT_CLASS = YES_ERROR;
				CLANG_WARN_QUOTED_INCLUDE_IN_FRAMEWORK_HEADER = YES;
				CLANG_WARN_RANGE_LOOP_ANALYSIS = YES;
				CLANG_WARN_STRICT_PROTOTYPES = YES;
				CLANG_WARN_SUSPICIOUS_MOVE = YES;
				CLANG_WARN_UNGUARDED_AVAILABILITY = YES_AGGRESSIVE;
				CLANG_WARN_UNREACHABLE_CODE = YES;
				CLANG_WARN__DUPLICATE_METHOD_MATCH = YES;
				COPY_PHASE_STRIP = NO;
				DEBUG_INFORMATION_FORMAT = dwarf;
				ENABLE_STRICT_OBJC_MSGSEND = YES;
				ENABLE_TESTABILITY = YES;
				GCC_C_LANGUAGE_STANDARD = gnu11;
				GCC_DYNAMIC_NO_PIC = NO;
				GCC_NO_COMMON_BLOCKS = YES;
				GCC_OPTIMIZATION_LEVEL = 0;
				GCC_PREPROCESSOR_DEFINITIONS = (
					"DEBUG=1",
					"$(inherited)",
				);
				GCC_WARN_64_TO_32_BIT_CONVERSION = YES;
				GCC_WARN_ABOUT_RETURN_TYPE = YES_ERROR;
				GCC_WARN_UNDECLARED_SELECTOR = YES;
				GCC_WARN_UNINITIALIZED_AUTOS = YES_AGGRESSIVE;
				GCC_WARN_UNUSED_FUNCTION = YES;
				GCC_WARN_UNUSED_VARIABLE = YES;
				IPHONEOS_DEPLOYMENT_TARGET = 14.0;
				MTL_ENABLE_DEBUG_INFO = INCLUDE_SOURCE;
				MTL_FAST_MATH = YES;
				ONLY_ACTIVE_ARCH = YES;
				SDKROOT = iphoneos;
				SWIFT_ACTIVE_COMPILATION_CONDITIONS = DEBUG;
				SWIFT_OPTIMIZATION_LEVEL = "-Onone";
			};
			name = Debug;
		};
		1A97B28C253FD0960090EAF9 /* Release */ = {
			isa = XCBuildConfiguration;
			buildSettings = {
				ALWAYS_SEARCH_USER_PATHS = NO;
				CLANG_ANALYZER_NONNULL = YES;
				CLANG_ANALYZER_NUMBER_OBJECT_CONVERSION = YES_AGGRESSIVE;
				CLANG_CXX_LANGUAGE_STANDARD = "gnu++14";
				CLANG_CXX_LIBRARY = "libc++";
				CLANG_ENABLE_MODULES = YES;
				CLANG_ENABLE_OBJC_ARC = YES;
				CLANG_ENABLE_OBJC_WEAK = YES;
				CLANG_WARN_BLOCK_CAPTURE_AUTORELEASING = YES;
				CLANG_WARN_BOOL_CONVERSION = YES;
				CLANG_WARN_COMMA = YES;
				CLANG_WARN_CONSTANT_CONVERSION = YES;
				CLANG_WARN_DEPRECATED_OBJC_IMPLEMENTATIONS = YES;
				CLANG_WARN_DIRECT_OBJC_ISA_USAGE = YES_ERROR;
				CLANG_WARN_DOCUMENTATION_COMMENTS = YES;
				CLANG_WARN_EMPTY_BODY = YES;
				CLANG_WARN_ENUM_CONVERSION = YES;
				CLANG_WARN_INFINITE_RECURSION = YES;
				CLANG_WARN_INT_CONVERSION = YES;
				CLANG_WARN_NON_LITERAL_NULL_CONVERSION = YES;
				CLANG_WARN_OBJC_IMPLICIT_RETAIN_SELF = YES;
				CLANG_WARN_OBJC_LITERAL_CONVERSION = YES;
				CLANG_WARN_OBJC_ROOT_CLASS = YES_ERROR;
				CLANG_WARN_QUOTED_INCLUDE_IN_FRAMEWORK_HEADER = YES;
				CLANG_WARN_RANGE_LOOP_ANALYSIS = YES;
				CLANG_WARN_STRICT_PROTOTYPES = YES;
				CLANG_WARN_SUSPICIOUS_MOVE = YES;
				CLANG_WARN_UNGUARDED_AVAILABILITY = YES_AGGRESSIVE;
				CLANG_WARN_UNREACHABLE_CODE = YES;
				CLANG_WARN__DUPLICATE_METHOD_MATCH = YES;
				COPY_PHASE_STRIP = NO;
				DEBUG_INFORMATION_FORMAT = "dwarf-with-dsym";
				ENABLE_NS_ASSERTIONS = NO;
				ENABLE_STRICT_OBJC_MSGSEND = YES;
				GCC_C_LANGUAGE_STANDARD = gnu11;
				GCC_NO_COMMON_BLOCKS = YES;
				GCC_WARN_64_TO_32_BIT_CONVERSION = YES;
				GCC_WARN_ABOUT_RETURN_TYPE = YES_ERROR;
				GCC_WARN_UNDECLARED_SELECTOR = YES;
				GCC_WARN_UNINITIALIZED_AUTOS = YES_AGGRESSIVE;
				GCC_WARN_UNUSED_FUNCTION = YES;
				GCC_WARN_UNUSED_VARIABLE = YES;
				IPHONEOS_DEPLOYMENT_TARGET = 14.0;
				MTL_ENABLE_DEBUG_INFO = NO;
				MTL_FAST_MATH = YES;
				SDKROOT = iphoneos;
				SWIFT_COMPILATION_MODE = wholemodule;
				SWIFT_OPTIMIZATION_LEVEL = "-O";
				VALIDATE_PRODUCT = YES;
			};
			name = Release;
		};
		1A97B28E253FD0960090EAF9 /* Debug */ = {
			isa = XCBuildConfiguration;
			baseConfigurationReference = 22D34824201189B2BA87350B /* Pods-testAppCenter.debug.xcconfig */;
			buildSettings = {
				ASSETCATALOG_COMPILER_APPICON_NAME = AppIcon;
				ASSETCATALOG_COMPILER_GLOBAL_ACCENT_COLOR_NAME = AccentColor;
				CODE_SIGN_ENTITLEMENTS = testAppCenter/testAppCenter.entitlements;
				CODE_SIGN_STYLE = Automatic;
				DEVELOPMENT_TEAM = H5BVQ8XRL4;
				INFOPLIST_FILE = testAppCenter/Info.plist;
				IPHONEOS_DEPLOYMENT_TARGET = 13.0;
				LD_RUNPATH_SEARCH_PATHS = (
					"$(inherited)",
					"@executable_path/Frameworks",
				);
				PRODUCT_BUNDLE_IDENTIFIER = com.goodnotes.testAppCenter;
				PRODUCT_NAME = "$(TARGET_NAME)";
				SUPPORTS_MACCATALYST = YES;
				SWIFT_VERSION = 5.0;
				TARGETED_DEVICE_FAMILY = "1,2";
			};
			name = Debug;
		};
		1A97B28F253FD0960090EAF9 /* Release */ = {
			isa = XCBuildConfiguration;
			baseConfigurationReference = 93C4577EBDB79E0A75A911A4 /* Pods-testAppCenter.release.xcconfig */;
			buildSettings = {
				ASSETCATALOG_COMPILER_APPICON_NAME = AppIcon;
				ASSETCATALOG_COMPILER_GLOBAL_ACCENT_COLOR_NAME = AccentColor;
				CODE_SIGN_ENTITLEMENTS = testAppCenter/testAppCenter.entitlements;
				CODE_SIGN_STYLE = Automatic;
				DEVELOPMENT_TEAM = H5BVQ8XRL4;
				INFOPLIST_FILE = testAppCenter/Info.plist;
				IPHONEOS_DEPLOYMENT_TARGET = 13.0;
				LD_RUNPATH_SEARCH_PATHS = (
					"$(inherited)",
					"@executable_path/Frameworks",
				);
				PRODUCT_BUNDLE_IDENTIFIER = com.goodnotes.testAppCenter;
				PRODUCT_NAME = "$(TARGET_NAME)";
				SUPPORTS_MACCATALYST = YES;
				SWIFT_VERSION = 5.0;
				TARGETED_DEVICE_FAMILY = "1,2";
			};
			name = Release;
		};
		1A97B291253FD0960090EAF9 /* Debug */ = {
			isa = XCBuildConfiguration;
			baseConfigurationReference = F7E69621E383C9AE88E98166 /* Pods-testAppCenterTests.debug.xcconfig */;
			buildSettings = {
				ALWAYS_EMBED_SWIFT_STANDARD_LIBRARIES = YES;
				BUNDLE_LOADER = "$(TEST_HOST)";
				CODE_SIGN_STYLE = Automatic;
				DEVELOPMENT_TEAM = H5BVQ8XRL4;
				INFOPLIST_FILE = testAppCenterTests/Info.plist;
				IPHONEOS_DEPLOYMENT_TARGET = 14.0;
				LD_RUNPATH_SEARCH_PATHS = (
					"$(inherited)",
					"@executable_path/Frameworks",
					"@loader_path/Frameworks",
				);
				PRODUCT_BUNDLE_IDENTIFIER = com.goodnotes.testAppCenterTests;
				PRODUCT_NAME = "$(TARGET_NAME)";
				SWIFT_VERSION = 5.0;
				TARGETED_DEVICE_FAMILY = "1,2";
				TEST_HOST = "$(BUILT_PRODUCTS_DIR)/testAppCenter.app/testAppCenter";
			};
			name = Debug;
		};
		1A97B292253FD0960090EAF9 /* Release */ = {
			isa = XCBuildConfiguration;
			baseConfigurationReference = 1ADF4F099CD26C5F546FC159 /* Pods-testAppCenterTests.release.xcconfig */;
			buildSettings = {
				ALWAYS_EMBED_SWIFT_STANDARD_LIBRARIES = YES;
				BUNDLE_LOADER = "$(TEST_HOST)";
				CODE_SIGN_STYLE = Automatic;
				DEVELOPMENT_TEAM = H5BVQ8XRL4;
				INFOPLIST_FILE = testAppCenterTests/Info.plist;
				IPHONEOS_DEPLOYMENT_TARGET = 14.0;
				LD_RUNPATH_SEARCH_PATHS = (
					"$(inherited)",
					"@executable_path/Frameworks",
					"@loader_path/Frameworks",
				);
				PRODUCT_BUNDLE_IDENTIFIER = com.goodnotes.testAppCenterTests;
				PRODUCT_NAME = "$(TARGET_NAME)";
				SWIFT_VERSION = 5.0;
				TARGETED_DEVICE_FAMILY = "1,2";
				TEST_HOST = "$(BUILT_PRODUCTS_DIR)/testAppCenter.app/testAppCenter";
			};
			name = Release;
		};
		1A97B294253FD0960090EAF9 /* Debug */ = {
			isa = XCBuildConfiguration;
			baseConfigurationReference = 11CD002DB9611E25FEB87B7E /* Pods-testAppCenterUITests.debug.xcconfig */;
			buildSettings = {
				ALWAYS_EMBED_SWIFT_STANDARD_LIBRARIES = YES;
				CODE_SIGN_STYLE = Automatic;
				DEVELOPMENT_TEAM = H5BVQ8XRL4;
				INFOPLIST_FILE = testAppCenterUITests/Info.plist;
				LD_RUNPATH_SEARCH_PATHS = (
					"$(inherited)",
					"@executable_path/Frameworks",
					"@loader_path/Frameworks",
				);
				PRODUCT_BUNDLE_IDENTIFIER = com.goodnotes.testAppCenterUITests;
				PRODUCT_NAME = "$(TARGET_NAME)";
				SWIFT_VERSION = 5.0;
				TARGETED_DEVICE_FAMILY = "1,2";
				TEST_TARGET_NAME = testAppCenter;
			};
			name = Debug;
		};
		1A97B295253FD0960090EAF9 /* Release */ = {
			isa = XCBuildConfiguration;
			baseConfigurationReference = 4C1DABB9C0A2DAF6A0348C38 /* Pods-testAppCenterUITests.release.xcconfig */;
			buildSettings = {
				ALWAYS_EMBED_SWIFT_STANDARD_LIBRARIES = YES;
				CODE_SIGN_STYLE = Automatic;
				DEVELOPMENT_TEAM = H5BVQ8XRL4;
				INFOPLIST_FILE = testAppCenterUITests/Info.plist;
				LD_RUNPATH_SEARCH_PATHS = (
					"$(inherited)",
					"@executable_path/Frameworks",
					"@loader_path/Frameworks",
				);
				PRODUCT_BUNDLE_IDENTIFIER = com.goodnotes.testAppCenterUITests;
				PRODUCT_NAME = "$(TARGET_NAME)";
				SWIFT_VERSION = 5.0;
				TARGETED_DEVICE_FAMILY = "1,2";
				TEST_TARGET_NAME = testAppCenter;
			};
			name = Release;
		};
/* End XCBuildConfiguration section */

/* Begin XCConfigurationList section */
		1A97B25E253FD0940090EAF9 /* Build configuration list for PBXProject "testAppCenter" */ = {
			isa = XCConfigurationList;
			buildConfigurations = (
				1A97B28B253FD0960090EAF9 /* Debug */,
				1A97B28C253FD0960090EAF9 /* Release */,
			);
			defaultConfigurationIsVisible = 0;
			defaultConfigurationName = Release;
		};
		1A97B28D253FD0960090EAF9 /* Build configuration list for PBXNativeTarget "testAppCenter" */ = {
			isa = XCConfigurationList;
			buildConfigurations = (
				1A97B28E253FD0960090EAF9 /* Debug */,
				1A97B28F253FD0960090EAF9 /* Release */,
			);
			defaultConfigurationIsVisible = 0;
			defaultConfigurationName = Release;
		};
		1A97B290253FD0960090EAF9 /* Build configuration list for PBXNativeTarget "testAppCenterTests" */ = {
			isa = XCConfigurationList;
			buildConfigurations = (
				1A97B291253FD0960090EAF9 /* Debug */,
				1A97B292253FD0960090EAF9 /* Release */,
			);
			defaultConfigurationIsVisible = 0;
			defaultConfigurationName = Release;
		};
		1A97B293253FD0960090EAF9 /* Build configuration list for PBXNativeTarget "testAppCenterUITests" */ = {
			isa = XCConfigurationList;
			buildConfigurations = (
				1A97B294253FD0960090EAF9 /* Debug */,
				1A97B295253FD0960090EAF9 /* Release */,
			);
			defaultConfigurationIsVisible = 0;
			defaultConfigurationName = Release;
		};
/* End XCConfigurationList section */

/* Begin XCRemoteSwiftPackageReference section */
		1AAE8DC1253FE0A8005F9212 /* XCRemoteSwiftPackageReference "appcenter-sdk-apple" */ = {
			isa = XCRemoteSwiftPackageReference;
			repositoryURL = "https://github.com/microsoft/appcenter-sdk-apple.git";
			requirement = {
				kind = upToNextMajorVersion;
				minimumVersion = 3.3.4;
			};
		};
/* End XCRemoteSwiftPackageReference section */

/* Begin XCSwiftPackageProductDependency section */
		1AAE8DC2253FE0A8005F9212 /* AppCenterCrashes */ = {
			isa = XCSwiftPackageProductDependency;
			package = 1AAE8DC1253FE0A8005F9212 /* XCRemoteSwiftPackageReference "appcenter-sdk-apple" */;
			productName = AppCenterCrashes;
		};
		1AAE8DC4253FE0A8005F9212 /* AppCenterAnalytics */ = {
			isa = XCSwiftPackageProductDependency;
			package = 1AAE8DC1253FE0A8005F9212 /* XCRemoteSwiftPackageReference "appcenter-sdk-apple" */;
			productName = AppCenterAnalytics;
		};
/* End XCSwiftPackageProductDependency section */
	};
	rootObject = 1A97B25B253FD0940090EAF9 /* Project object */;
}
